PODS:
  - Alamofire (4.8.1)
  - Alamofire-SwiftyJSON (3.0.0):
    - Alamofire (~> 4.5)
    - SwiftyJSON (~> 4.0.0)
  - Decodable (0.6.0)
  - GoogleMaps (3.0.3):
    - GoogleMaps/Maps (= 3.0.3)
  - GoogleMaps/Base (3.0.3)
  - GoogleMaps/Maps (3.0.3):
    - GoogleMaps/Base
  - KeychainAccess (3.1.2)
  - NetworkStack (0.1.6):
    - Alamofire (~> 4.0)
    - KeychainAccess (~> 3.1)
    - RxSwift (~> 4.0)
  - OHHTTPStubs (6.1.0):
    - OHHTTPStubs/Default (= 6.1.0)
  - OHHTTPStubs/Core (6.1.0)
  - OHHTTPStubs/Default (6.1.0):
    - OHHTTPStubs/Core
    - OHHTTPStubs/JSON
    - OHHTTPStubs/NSURLSession
    - OHHTTPStubs/OHPathHelpers
  - OHHTTPStubs/JSON (6.1.0):
    - OHHTTPStubs/Core
  - OHHTTPStubs/NSURLSession (6.1.0):
    - OHHTTPStubs/Core
  - OHHTTPStubs/OHPathHelpers (6.1.0)
  - OHHTTPStubs/Swift (6.1.0):
    - OHHTTPStubs/Default
  - QRCode (2.0)
  - RxAtomic (4.4.1)
  - RxCocoa (4.4.1):
    - RxSwift (~> 4.0)
  - RxSwift (4.4.1):
    - RxAtomic (~> 4.4)
  - SideMenu (5.0.3)
  - SwiftyJSON (4.0.0)

DEPENDENCIES:
  - Alamofire (~> 4.7)
  - Alamofire-SwiftyJSON
  - Decodable
  - GoogleMaps
  - NetworkStack
  - OHHTTPStubs
  - OHHTTPStubs/Swift
  - QRCode
  - RxCocoa
  - RxSwift
  - SideMenu

SPEC REPOS:
  https://github.com/cocoapods/specs.git:
    - Alamofire
    - Alamofire-SwiftyJSON
    - Decodable
    - GoogleMaps
    - KeychainAccess
    - NetworkStack
    - OHHTTPStubs
    - QRCode
    - RxAtomic
    - RxCocoa
    - RxSwift
    - SideMenu
    - SwiftyJSON

SPEC CHECKSUMS:
  Alamofire: 16ce2c353fb72865124ddae8a57c5942388f4f11
  Alamofire-SwiftyJSON: 2b3649d57dc7bb2880fb8b86f8bb969397666916
  Decodable: f0b95fa2fcf8633dd097aa8f7f09838ab3524f5d
  GoogleMaps: fd5c9fa58871781b9fb94d4936f19c69fe60ce32
  KeychainAccess: b3816fddcf28aa29d94b10ec305cd52be14c472b
  NetworkStack: b3b64b19fb27bbe323a7f1b1ca18325df4fc4e2a
  OHHTTPStubs: 1e21c7d2c084b8153fc53d48400d8919d2d432d0
  QRCode: f98a1886c8f37523704a7512a4c0cd45b34c18a4
  RxAtomic: f8d6adc1ccb87a767811269e4875887bc74dbf19
  RxCocoa: 2f35a76bf8887872e28a1914112395b11b8e0e64
  RxSwift: 92fcf68dfef21f3e2ab1965363d9e7b3d787597e
  SideMenu: 1dcaabce84538c53325c287f7fe62999379a641c
  SwiftyJSON: 070dabdcb1beb81b247c65ffa3a79dbbfb3b48aa

PODFILE CHECKSUM: d9e1c654298dfa9dc7638cf3e128606b2b5f2b1b

COCOAPODS: 1.5.3
