PODS:
  - AFNetworking (2.5.1):
    - AFNetworking/NSURLConnection (= 2.5.1)
    - AFNetworking/NSURLSession (= 2.5.1)
    - AFNetworking/Reachability (= 2.5.1)
    - AFNetworking/Security (= 2.5.1)
    - AFNetworking/Serialization (= 2.5.1)
    - AFNetworking/UIKit (= 2.5.1)
  - AFNetworking/NSURLConnection (2.5.1):
    - AFNetworking/Reachability
    - AFNetworking/Security
    - AFNetworking/Serialization
  - AFNetworking/NSURLSession (2.5.1):
    - AFNetworking/Reachability
    - AFNetworking/Security
    - AFNetworking/Serialization
  - AFNetworking/Reachability (2.5.1)
  - AFNetworking/Security (2.5.1)
  - AFNetworking/Serialization (2.5.1)
  - AFNetworking/UIKit (2.5.1):
    - AFNetworking/NSURLConnection
    - AFNetworking/NSURLSession
  - GoogleMaps (2.7.0):
    - GoogleMaps/Maps (= 2.7.0)
  - GoogleMaps/Base (2.7.0)
  - GoogleMaps/Maps (2.7.0):
    - GoogleMaps/Base
  - InAppSettingsKit (2.6)
  - libpng (1.6.18)
  - RaptureXML (1.0.1)
  - RNCryptor-objc (3.0.5)
  - SSKeychain (1.2.0)
  - SVProgressHUD (2.2.5)
  - TPKeyboardAvoiding (1.2.6)

DEPENDENCIES:
  - AFNetworking (= 2.5.1)
  - GoogleMaps
  - InAppSettingsKit (= 2.6)
  - libpng (= 1.6.18)
  - RaptureXML (= 1.0.1)
  - RNCryptor-objc (= 3.0.5)
  - SSKeychain (= 1.2.0)
  - SVProgressHUD
  - TPKeyboardAvoiding (= 1.2.6)

SPEC REPOS:
  https://github.com/cocoapods/specs.git:
    - AFNetworking
    - GoogleMaps
    - InAppSettingsKit
    - libpng
    - RaptureXML
    - RNCryptor-objc
    - SSKeychain
    - SVProgressHUD
    - TPKeyboardAvoiding

SPEC CHECKSUMS:
  AFNetworking: 10e85a00bb0f475124e4ff2677bf15693b2c1523
  GoogleMaps: f79af95cb24d869457b1f961c93d3ce8b2f3b848
  InAppSettingsKit: cc56d3ec45f11352a16d5b210da8a3fa1b9d05ed
  libpng: 9c661ee692282485a9cf7fcf0159458c91b4f943
  RaptureXML: b5c33c04c1a4adfd8ad0d5463329a31820596e82
  RNCryptor-objc: a65b15493de05dda4af0f392c70372b7a5625aab
  SSKeychain: f8f2bd6ff794090d0c403f70eb7289d23985d353
  SVProgressHUD: 1428aafac632c1f86f62aa4243ec12008d7a51d6
  TPKeyboardAvoiding: ee4dd35e3bb7bb64bfbda47e7cc9ba872ff10f77

PODFILE CHECKSUM: 8b89a7f537ddd54f6f329f8ea3bddf7874020950

COCOAPODS: 1.5.3
